
Microsoft Visual Studio Solution File, Format Version 12.00
# Visual Studio Version 17
VisualStudioVersion = 17.0.31903.59
MinimumVisualStudioVersion = 10.0.40219.1
Project("{2150E333-8FDC-42A3-9474-1A3956D46DE8}") = "test", "test", "{0C88DD14-F956-CE84-757C-A364CCF449FC}"
EndProject
Project("{2150E333-8FDC-42A3-9474-1A3956D46DE8}") = "src", "src", "{827E0CD3-B72D-47B6-A68D-7590B98EB39B}"
EndProject
Project("{FAE04EC0-301F-11D3-BF4B-00C04F79EFBC}") = "ContactsManager.UI", "src\ContactsManager.UI\ContactsManager.UI.csproj", "{3C86DE67-5B34-481B-9D2C-DC44D01763C1}"
EndProject
Project("{FAE04EC0-301F-11D3-BF4B-00C04F79EFBC}") = "ContactsManager.Core", "src\ContactsManager.Core\ContactsManager.Core.csproj", "{5DDA3581-AB6F-4E86-8D08-92851286AE1D}"
EndProject
Project("{FAE04EC0-301F-11D3-BF4B-00C04F79EFBC}") = "ContactsManager.Infrastructure", "src\ContactsManager.Infrastructure\ContactsManager.Infrastructure.csproj", "{37FA3064-8BD6-49F5-93A9-C963750A1A36}"
EndProject
Project("{FAE04EC0-301F-11D3-BF4B-00C04F79EFBC}") = "ContactsManager.ServiceTests", "test\ContactsManager.ServiceTests\ContactsManager.ServiceTests.csproj", "{469AC36E-C10E-410E-AAF8-13E7239143F5}"
EndProject
Project("{FAE04EC0-301F-11D3-BF4B-00C04F79EFBC}") = "ContactsManager.ControllerTests", "test\ContactsManager.ControllerTests\ContactsManager.ControllerTests.csproj", "{D829322D-CD6B-4617-BCA8-4405170949A3}"
EndProject
Project("{FAE04EC0-301F-11D3-BF4B-00C04F79EFBC}") = "ContactsManager.IntegrationTests", "test\ContactsManager.IntegrationTests\ContactsManager.IntegrationTests.csproj", "{9DA2DC6F-43B6-4015-8949-86C12FBCC190}"
EndProject
Global
	GlobalSection(SolutionConfigurationPlatforms) = preSolution
		Debug|Any CPU = Debug|Any CPU
		Debug|x64 = Debug|x64
		Debug|x86 = Debug|x86
		Release|Any CPU = Release|Any CPU
		Release|x64 = Release|x64
		Release|x86 = Release|x86
	EndGlobalSection
	GlobalSection(ProjectConfigurationPlatforms) = postSolution
		{3C86DE67-5B34-481B-9D2C-DC44D01763C1}.Debug|Any CPU.ActiveCfg = Debug|Any CPU
		{3C86DE67-5B34-481B-9D2C-DC44D01763C1}.Debug|Any CPU.Build.0 = Debug|Any CPU
		{3C86DE67-5B34-481B-9D2C-DC44D01763C1}.Debug|x64.ActiveCfg = Debug|Any CPU
		{3C86DE67-5B34-481B-9D2C-DC44D01763C1}.Debug|x64.Build.0 = Debug|Any CPU
		{3C86DE67-5B34-481B-9D2C-DC44D01763C1}.Debug|x86.ActiveCfg = Debug|Any CPU
		{3C86DE67-5B34-481B-9D2C-DC44D01763C1}.Debug|x86.Build.0 = Debug|Any CPU
		{3C86DE67-5B34-481B-9D2C-DC44D01763C1}.Release|Any CPU.ActiveCfg = Release|Any CPU
		{3C86DE67-5B34-481B-9D2C-DC44D01763C1}.Release|Any CPU.Build.0 = Release|Any CPU
		{3C86DE67-5B34-481B-9D2C-DC44D01763C1}.Release|x64.ActiveCfg = Release|Any CPU
		{3C86DE67-5B34-481B-9D2C-DC44D01763C1}.Release|x64.Build.0 = Release|Any CPU
		{3C86DE67-5B34-481B-9D2C-DC44D01763C1}.Release|x86.ActiveCfg = Release|Any CPU
		{3C86DE67-5B34-481B-9D2C-DC44D01763C1}.Release|x86.Build.0 = Release|Any CPU
		{5DDA3581-AB6F-4E86-8D08-92851286AE1D}.Debug|Any CPU.ActiveCfg = Debug|Any CPU
		{5DDA3581-AB6F-4E86-8D08-92851286AE1D}.Debug|Any CPU.Build.0 = Debug|Any CPU
		{5DDA3581-AB6F-4E86-8D08-92851286AE1D}.Debug|x64.ActiveCfg = Debug|Any CPU
		{5DDA3581-AB6F-4E86-8D08-92851286AE1D}.Debug|x64.Build.0 = Debug|Any CPU
		{5DDA3581-AB6F-4E86-8D08-92851286AE1D}.Debug|x86.ActiveCfg = Debug|Any CPU
		{5DDA3581-AB6F-4E86-8D08-92851286AE1D}.Debug|x86.Build.0 = Debug|Any CPU
		{5DDA3581-AB6F-4E86-8D08-92851286AE1D}.Release|Any CPU.ActiveCfg = Release|Any CPU
		{5DDA3581-AB6F-4E86-8D08-92851286AE1D}.Release|Any CPU.Build.0 = Release|Any CPU
		{5DDA3581-AB6F-4E86-8D08-92851286AE1D}.Release|x64.ActiveCfg = Release|Any CPU
		{5DDA3581-AB6F-4E86-8D08-92851286AE1D}.Release|x64.Build.0 = Release|Any CPU
		{5DDA3581-AB6F-4E86-8D08-92851286AE1D}.Release|x86.ActiveCfg = Release|Any CPU
		{5DDA3581-AB6F-4E86-8D08-92851286AE1D}.Release|x86.Build.0 = Release|Any CPU
		{37FA3064-8BD6-49F5-93A9-C963750A1A36}.Debug|Any CPU.ActiveCfg = Debug|Any CPU
		{37FA3064-8BD6-49F5-93A9-C963750A1A36}.Debug|Any CPU.Build.0 = Debug|Any CPU
		{37FA3064-8BD6-49F5-93A9-C963750A1A36}.Debug|x64.ActiveCfg = Debug|Any CPU
		{37FA3064-8BD6-49F5-93A9-C963750A1A36}.Debug|x64.Build.0 = Debug|Any CPU
		{37FA3064-8BD6-49F5-93A9-C963750A1A36}.Debug|x86.ActiveCfg = Debug|Any CPU
		{37FA3064-8BD6-49F5-93A9-C963750A1A36}.Debug|x86.Build.0 = Debug|Any CPU
		{37FA3064-8BD6-49F5-93A9-C963750A1A36}.Release|Any CPU.ActiveCfg = Release|Any CPU
		{37FA3064-8BD6-49F5-93A9-C963750A1A36}.Release|Any CPU.Build.0 = Release|Any CPU
		{37FA3064-8BD6-49F5-93A9-C963750A1A36}.Release|x64.ActiveCfg = Release|Any CPU
		{37FA3064-8BD6-49F5-93A9-C963750A1A36}.Release|x64.Build.0 = Release|Any CPU
		{37FA3064-8BD6-49F5-93A9-C963750A1A36}.Release|x86.ActiveCfg = Release|Any CPU
		{37FA3064-8BD6-49F5-93A9-C963750A1A36}.Release|x86.Build.0 = Release|Any CPU
		{469AC36E-C10E-410E-AAF8-13E7239143F5}.Debug|Any CPU.ActiveCfg = Debug|Any CPU
		{469AC36E-C10E-410E-AAF8-13E7239143F5}.Debug|Any CPU.Build.0 = Debug|Any CPU
		{469AC36E-C10E-410E-AAF8-13E7239143F5}.Debug|x64.ActiveCfg = Debug|Any CPU
		{469AC36E-C10E-410E-AAF8-13E7239143F5}.Debug|x64.Build.0 = Debug|Any CPU
		{469AC36E-C10E-410E-AAF8-13E7239143F5}.Debug|x86.ActiveCfg = Debug|Any CPU
		{469AC36E-C10E-410E-AAF8-13E7239143F5}.Debug|x86.Build.0 = Debug|Any CPU
		{469AC36E-C10E-410E-AAF8-13E7239143F5}.Release|Any CPU.ActiveCfg = Release|Any CPU
		{469AC36E-C10E-410E-AAF8-13E7239143F5}.Release|Any CPU.Build.0 = Release|Any CPU
		{469AC36E-C10E-410E-AAF8-13E7239143F5}.Release|x64.ActiveCfg = Release|Any CPU
		{469AC36E-C10E-410E-AAF8-13E7239143F5}.Release|x64.Build.0 = Release|Any CPU
		{469AC36E-C10E-410E-AAF8-13E7239143F5}.Release|x86.ActiveCfg = Release|Any CPU
		{469AC36E-C10E-410E-AAF8-13E7239143F5}.Release|x86.Build.0 = Release|Any CPU
		{D829322D-CD6B-4617-BCA8-4405170949A3}.Debug|Any CPU.ActiveCfg = Debug|Any CPU
		{D829322D-CD6B-4617-BCA8-4405170949A3}.Debug|Any CPU.Build.0 = Debug|Any CPU
		{D829322D-CD6B-4617-BCA8-4405170949A3}.Debug|x64.ActiveCfg = Debug|Any CPU
		{D829322D-CD6B-4617-BCA8-4405170949A3}.Debug|x64.Build.0 = Debug|Any CPU
		{D829322D-CD6B-4617-BCA8-4405170949A3}.Debug|x86.ActiveCfg = Debug|Any CPU
		{D829322D-CD6B-4617-BCA8-4405170949A3}.Debug|x86.Build.0 = Debug|Any CPU
		{D829322D-CD6B-4617-BCA8-4405170949A3}.Release|Any CPU.ActiveCfg = Release|Any CPU
		{D829322D-CD6B-4617-BCA8-4405170949A3}.Release|Any CPU.Build.0 = Release|Any CPU
		{D829322D-CD6B-4617-BCA8-4405170949A3}.Release|x64.ActiveCfg = Release|Any CPU
		{D829322D-CD6B-4617-BCA8-4405170949A3}.Release|x64.Build.0 = Release|Any CPU
		{D829322D-CD6B-4617-BCA8-4405170949A3}.Release|x86.ActiveCfg = Release|Any CPU
		{D829322D-CD6B-4617-BCA8-4405170949A3}.Release|x86.Build.0 = Release|Any CPU
		{9DA2DC6F-43B6-4015-8949-86C12FBCC190}.Debug|Any CPU.ActiveCfg = Debug|Any CPU
		{9DA2DC6F-43B6-4015-8949-86C12FBCC190}.Debug|Any CPU.Build.0 = Debug|Any CPU
		{9DA2DC6F-43B6-4015-8949-86C12FBCC190}.Debug|x64.ActiveCfg = Debug|Any CPU
		{9DA2DC6F-43B6-4015-8949-86C12FBCC190}.Debug|x64.Build.0 = Debug|Any CPU
		{9DA2DC6F-43B6-4015-8949-86C12FBCC190}.Debug|x86.ActiveCfg = Debug|Any CPU
		{9DA2DC6F-43B6-4015-8949-86C12FBCC190}.Debug|x86.Build.0 = Debug|Any CPU
		{9DA2DC6F-43B6-4015-8949-86C12FBCC190}.Release|Any CPU.ActiveCfg = Release|Any CPU
		{9DA2DC6F-43B6-4015-8949-86C12FBCC190}.Release|Any CPU.Build.0 = Release|Any CPU
		{9DA2DC6F-43B6-4015-8949-86C12FBCC190}.Release|x64.ActiveCfg = Release|Any CPU
		{9DA2DC6F-43B6-4015-8949-86C12FBCC190}.Release|x64.Build.0 = Release|Any CPU
		{9DA2DC6F-43B6-4015-8949-86C12FBCC190}.Release|x86.ActiveCfg = Release|Any CPU
		{9DA2DC6F-43B6-4015-8949-86C12FBCC190}.Release|x86.Build.0 = Release|Any CPU
	EndGlobalSection
	GlobalSection(SolutionProperties) = preSolution
		HideSolutionNode = FALSE
	EndGlobalSection
	GlobalSection(NestedProjects) = preSolution
		{3C86DE67-5B34-481B-9D2C-DC44D01763C1} = {827E0CD3-B72D-47B6-A68D-7590B98EB39B}
		{5DDA3581-AB6F-4E86-8D08-92851286AE1D} = {827E0CD3-B72D-47B6-A68D-7590B98EB39B}
		{37FA3064-8BD6-49F5-93A9-C963750A1A36} = {827E0CD3-B72D-47B6-A68D-7590B98EB39B}
		{469AC36E-C10E-410E-AAF8-13E7239143F5} = {0C88DD14-F956-CE84-757C-A364CCF449FC}
		{D829322D-CD6B-4617-BCA8-4405170949A3} = {0C88DD14-F956-CE84-757C-A364CCF449FC}
		{9DA2DC6F-43B6-4015-8949-86C12FBCC190} = {0C88DD14-F956-CE84-757C-A364CCF449FC}
	EndGlobalSection
EndGlobal
